<?xml version="1.0" encoding="utf-8"?>
<Project ToolsVersion="16.0" xmlns="http://schemas.microsoft.com/developer/msbuild/2003">
  <ItemGroup>
    <CustomBuild Include="C:\erp\build\windows\CMakeFiles\855f1cb957afb66b701fa3b5a9b35399\flutter_windows.dll.rule">
      <Filter>CMake Rules</Filter>
    </CustomBuild>
    <CustomBuild Include="C:\erp\build\windows\CMakeFiles\a63386a0fafaea57d4537fca3657cd00\flutter_assemble.rule">
      <Filter>CMake Rules</Filter>
    </CustomBuild>
    <CustomBuild Include="C:\erp\windows\flutter\CMakeLists.txt" />
  </ItemGroup>
  <ItemGroup>
    <None Include="C:\erp\build\windows\flutter\CMakeFiles\flutter_assemble" />
  </ItemGroup>
  <ItemGroup>
    <Filter Include="CMake Rules">
      <UniqueIdentifier>{A9FDD238-487D-32FB-90B8-C5BEC93B3F05}</UniqueIdentifier>
    </Filter>
  </ItemGroup>
</Project>
