<?xml version="1.0" encoding="utf-8"?>
<Project ToolsVersion="16.0" xmlns="http://schemas.microsoft.com/developer/msbuild/2003">
  <ItemGroup>
    <CustomBuild Include="C:\erp\build\windows\pdfium-download\CMakeFiles\ebba6843309b3f5ddf9b3b75fc979bfe\pdfium-download-mkdir.rule">
      <Filter>CMake Rules</Filter>
    </CustomBuild>
    <CustomBuild Include="C:\erp\build\windows\pdfium-download\CMakeFiles\ebba6843309b3f5ddf9b3b75fc979bfe\pdfium-download-download.rule">
      <Filter>CMake Rules</Filter>
    </CustomBuild>
    <CustomBuild Include="C:\erp\build\windows\pdfium-download\CMakeFiles\ebba6843309b3f5ddf9b3b75fc979bfe\pdfium-download-update.rule">
      <Filter>CMake Rules</Filter>
    </CustomBuild>
    <CustomBuild Include="C:\erp\build\windows\pdfium-download\CMakeFiles\ebba6843309b3f5ddf9b3b75fc979bfe\pdfium-download-patch.rule">
      <Filter>CMake Rules</Filter>
    </CustomBuild>
    <CustomBuild Include="C:\erp\build\windows\pdfium-download\CMakeFiles\ebba6843309b3f5ddf9b3b75fc979bfe\pdfium-download-configure.rule">
      <Filter>CMake Rules</Filter>
    </CustomBuild>
    <CustomBuild Include="C:\erp\build\windows\pdfium-download\CMakeFiles\ebba6843309b3f5ddf9b3b75fc979bfe\pdfium-download-build.rule">
      <Filter>CMake Rules</Filter>
    </CustomBuild>
    <CustomBuild Include="C:\erp\build\windows\pdfium-download\CMakeFiles\ebba6843309b3f5ddf9b3b75fc979bfe\pdfium-download-install.rule">
      <Filter>CMake Rules</Filter>
    </CustomBuild>
    <CustomBuild Include="C:\erp\build\windows\pdfium-download\CMakeFiles\ebba6843309b3f5ddf9b3b75fc979bfe\pdfium-download-test.rule">
      <Filter>CMake Rules</Filter>
    </CustomBuild>
    <CustomBuild Include="C:\erp\build\windows\pdfium-download\CMakeFiles\0ef186d84f725920d05c54e82fcd3069\pdfium-download-complete.rule">
      <Filter>CMake Rules</Filter>
    </CustomBuild>
    <CustomBuild Include="C:\erp\build\windows\pdfium-download\CMakeFiles\dc33b3a2f614dbb219a91dc6917729c9\pdfium-download.rule">
      <Filter>CMake Rules</Filter>
    </CustomBuild>
    <CustomBuild Include="C:\erp\build\windows\pdfium-download\CMakeLists.txt" />
  </ItemGroup>
  <ItemGroup>
    <None Include="C:\erp\build\windows\pdfium-download\CMakeFiles\pdfium-download" />
  </ItemGroup>
  <ItemGroup>
    <Filter Include="CMake Rules">
      <UniqueIdentifier>{47A51580-FF29-3289-9FD5-4366E81A4156}</UniqueIdentifier>
    </Filter>
  </ItemGroup>
</Project>
