<?xml version="1.0" encoding="utf-8"?>
<Project ToolsVersion="16.0" xmlns="http://schemas.microsoft.com/developer/msbuild/2003">
  <ItemGroup>
    <CustomBuild Include="C:\erp\build\windows\pdfium-download\CMakeFiles\dc33b3a2f614dbb219a91dc6917729c9\generate.stamp.rule">
      <Filter>CMake Rules</Filter>
    </CustomBuild>
  </ItemGroup>
  <ItemGroup>
    <Filter Include="CMake Rules">
      <UniqueIdentifier>{47A51580-FF29-3289-9FD5-4366E81A4156}</UniqueIdentifier>
    </Filter>
  </ItemGroup>
</Project>
