<?xml version="1.0" encoding="utf-8"?>
<Project ToolsVersion="16.0" xmlns="http://schemas.microsoft.com/developer/msbuild/2003">
  <ItemGroup>
    <CustomBuild Include="C:\erp\build\windows\CMakeFiles\2c4cb6fa4fc6272b0a494ea27d8497a8\INSTALL_force.rule">
      <Filter>CMake Rules</Filter>
    </CustomBuild>
  </ItemGroup>
  <ItemGroup>
    <Filter Include="CMake Rules">
      <UniqueIdentifier>{A9FDD238-487D-32FB-90B8-C5BEC93B3F05}</UniqueIdentifier>
    </Filter>
  </ItemGroup>
</Project>
